{
  "name": "typenote",
  "version": "1.0.0",
  "lockfileVersion": 3,
  "requires": true,
  "packages": {
    "": {
      "name": "typenote",
      "version": "1.0.0",
      "dependencies": {
        "@types/dompurify": "^3.0.5",
        "@types/prismjs": "^1.26.5",
        "@types/react-beautiful-dnd": "^13.1.8",
        "dompurify": "^3.2.0",
        "prismjs": "^1.29.0",
        "react-beautiful-dnd": "^13.1.1",
        "slate": "^0.110.2",
        "slate-history": "^0.110.3",
        "slate-react": "^0.111.0",
        "zod": "^3.23.8"
      }
    },
    "node_modules/@babel/runtime": {
      "version": "7.26.0",
      "resolved": "https://registry.npmjs.org/@babel/runtime/-/runtime-7.26.0.tgz",
      "integrity": "sha512-FDSOghenHTiToteC/QRlv2q3DhPZ/oOXTBoirfWNx1Cx3TMVcGWQtMMmQcSvb/JjpNeGzx8Pq/b4fKEJuWm1sw==",
      "license": "MIT",
      "dependencies": {
        "regenerator-runtime": "^0.14.0"
      },
      "engines": {
        "node": ">=6.9.0"
      }
    },
    "node_modules/@juggle/resize-observer": {
      "version": "3.4.0",
      "resolved": "https://registry.npmjs.org/@juggle/resize-observer/-/resize-observer-3.4.0.tgz",
      "integrity": "sha512-dfLbk+PwWvFzSxwk3n5ySL0hfBog779o8h68wK/7/APo/7cgyWp5jcXockbxdk5kFRkbeXWm4Fbi9FrdN381sA==",
      "license": "Apache-2.0"
    },
    "node_modules/@types/dompurify": {
      "version": "3.0.5",
      "resolved": "https://registry.npmjs.org/@types/dompurify/-/dompurify-3.0.5.tgz",
      "integrity": "sha512-1Wg0g3BtQF7sSb27fJQAKck1HECM6zV1EB66j8JH9i3LCjYabJa0FSdiSgsD5K/RbrsR0SiraKacLB+T8ZVYAg==",
      "license": "MIT",
      "dependencies": {
        "@types/trusted-types": "*"
      }
    },
    "node_modules/@types/hoist-non-react-statics": {
      "version": "3.3.5",
      "resolved": "https://registry.npmjs.org/@types/hoist-non-react-statics/-/hoist-non-react-statics-3.3.5.tgz",
      "integrity": "sha512-SbcrWzkKBw2cdwRTwQAswfpB9g9LJWfjtUeW/jvNwbhC8cpmmNYVePa+ncbUe0rGTQ7G3Ff6mYUN2VMfLVr+Sg==",
      "license": "MIT",
      "dependencies": {
        "@types/react": "*",
        "hoist-non-react-statics": "^3.3.0"
      }
    },
    "node_modules/@types/prismjs": {
      "version": "1.26.5",
      "resolved": "https://registry.npmjs.org/@types/prismjs/-/prismjs-1.26.5.tgz",
      "integrity": "sha512-AUZTa7hQ2KY5L7AmtSiqxlhWxb4ina0yd8hNbl4TWuqnv/pFP0nDMb3YrfSBf4hJVGLh2YEIBfKaBW/9UEl6IQ==",
      "license": "MIT"
    },
    "node_modules/@types/prop-types": {
      "version": "15.7.13",
      "resolved": "https://registry.npmjs.org/@types/prop-types/-/prop-types-15.7.13.tgz",
      "integrity": "sha512-hCZTSvwbzWGvhqxp/RqVqwU999pBf2vp7hzIjiYOsl8wqOmUxkQ6ddw1cV3l8811+kdUFus/q4d1Y3E3SyEifA==",
      "license": "MIT"
    },
    "node_modules/@types/react": {
      "version": "18.3.12",
      "resolved": "https://registry.npmjs.org/@types/react/-/react-18.3.12.tgz",
      "integrity": "sha512-D2wOSq/d6Agt28q7rSI3jhU7G6aiuzljDGZ2hTZHIkrTLUI+AF3WMeKkEZ9nN2fkBAlcktT6vcZjDFiIhMYEQw==",
      "license": "MIT",
      "dependencies": {
        "@types/prop-types": "*",
        "csstype": "^3.0.2"
      }
    },
    "node_modules/@types/react-beautiful-dnd": {
      "version": "13.1.8",
      "resolved": "https://registry.npmjs.org/@types/react-beautiful-dnd/-/react-beautiful-dnd-13.1.8.tgz",
      "integrity": "sha512-E3TyFsro9pQuK4r8S/OL6G99eq7p8v29sX0PM7oT8Z+PJfZvSQTx4zTQbUJ+QZXioAF0e7TGBEcA1XhYhCweyQ==",
      "license": "MIT",
      "dependencies": {
        "@types/react": "*"
      }
    },
    "node_modules/@types/react-redux": {
      "version": "7.1.34",
      "resolved": "https://registry.npmjs.org/@types/react-redux/-/react-redux-7.1.34.tgz",
      "integrity": "sha512-GdFaVjEbYv4Fthm2ZLvj1VSCedV7TqE5y1kNwnjSdBOTXuRSgowux6J8TAct15T3CKBr63UMk+2CO7ilRhyrAQ==",
      "license": "MIT",
      "dependencies": {
        "@types/hoist-non-react-statics": "^3.3.0",
        "@types/react": "*",
        "hoist-non-react-statics": "^3.3.0",
        "redux": "^4.0.0"
      }
    },
    "node_modules/@types/trusted-types": {
      "version": "2.0.7",
      "resolved": "https://registry.npmjs.org/@types/trusted-types/-/trusted-types-2.0.7.tgz",
      "integrity": "sha512-ScaPdn1dQczgbl0QFTeTOmVHFULt394XJgOQNoyVhZ6r2vLnMLJfBPd53SB52T/3G36VI1/g2MZaX0cwDuXsfw==",
      "license": "MIT"
    },
    "node_modules/compute-scroll-into-view": {
      "version": "3.1.0",
      "resolved": "https://registry.npmjs.org/compute-scroll-into-view/-/compute-scroll-into-view-3.1.0.tgz",
      "integrity": "sha512-rj8l8pD4bJ1nx+dAkMhV1xB5RuZEyVysfxJqB1pRchh1KVvwOv9b7CGB8ZfjTImVv2oF+sYMUkMZq6Na5Ftmbg==",
      "license": "MIT"
    },
    "node_modules/css-box-model": {
      "version": "1.2.1",
      "resolved": "https://registry.npmjs.org/css-box-model/-/css-box-model-1.2.1.tgz",
      "integrity": "sha512-a7Vr4Q/kd/aw96bnJG332W9V9LkJO69JRcaCYDUqjp6/z0w6VcZjgAcTbgFxEPfBgdnAwlh3iwu+hLopa+flJw==",
      "license": "MIT",
      "dependencies": {
        "tiny-invariant": "^1.0.6"
      }
    },
    "node_modules/csstype": {
      "version": "3.1.3",
      "resolved": "https://registry.npmjs.org/csstype/-/csstype-3.1.3.tgz",
      "integrity": "sha512-M1uQkMl8rQK/szD0LNhtqxIPLpimGm8sOBwU7lLnCpSbTyY3yeU1Vc7l4KT5zT4s/yOxHH5O7tIuuLOCnLADRw==",
      "license": "MIT"
    },
    "node_modules/direction": {
      "version": "1.0.4",
      "resolved": "https://registry.npmjs.org/direction/-/direction-1.0.4.tgz",
      "integrity": "sha512-GYqKi1aH7PJXxdhTeZBFrg8vUBeKXi+cNprXsC1kpJcbcVnV9wBsrOu1cQEdG0WeQwlfHiy3XvnKfIrJ2R0NzQ==",
      "license": "MIT",
      "bin": {
        "direction": "cli.js"
      },
      "funding": {
        "type": "github",
        "url": "https://github.com/sponsors/wooorm"
      }
    },
    "node_modules/dompurify": {
      "version": "3.2.0",
      "resolved": "https://registry.npmjs.org/dompurify/-/dompurify-3.2.0.tgz",
      "integrity": "sha512-AMdOzK44oFWqHEi0wpOqix/fUNY707OmoeFDnbi3Q5I8uOpy21ufUA5cDJPr0bosxrflOVD/H2DMSvuGKJGfmQ==",
      "license": "(MPL-2.0 OR Apache-2.0)"
    },
    "node_modules/hoist-non-react-statics": {
      "version": "3.3.2",
      "resolved": "https://registry.npmjs.org/hoist-non-react-statics/-/hoist-non-react-statics-3.3.2.tgz",
      "integrity": "sha512-/gGivxi8JPKWNm/W0jSmzcMPpfpPLc3dY/6GxhX2hQ9iGj3aDfklV4ET7NjKpSinLpJ5vafa9iiGIEZg10SfBw==",
      "license": "BSD-3-Clause",
      "dependencies": {
        "react-is": "^16.7.0"
      }
    },
    "node_modules/hoist-non-react-statics/node_modules/react-is": {
      "version": "16.13.1",
      "resolved": "https://registry.npmjs.org/react-is/-/react-is-16.13.1.tgz",
      "integrity": "sha512-24e6ynE2H+OKt4kqsOvNd8kBpV65zoxbA4BVsEOB3ARVWQki/DHzaUoC5KuON/BiccDaCCTZBuOcfZs70kR8bQ==",
      "license": "MIT"
    },
    "node_modules/immer": {
      "version": "10.1.1",
      "resolved": "https://registry.npmjs.org/immer/-/immer-10.1.1.tgz",
      "integrity": "sha512-s2MPrmjovJcoMaHtx6K11Ra7oD05NT97w1IC5zpMkT6Atjr7H8LjaDd81iIxUYpMKSRRNMJE703M1Fhr/TctHw==",
      "license": "MIT",
      "funding": {
        "type": "opencollective",
        "url": "https://opencollective.com/immer"
      }
    },
    "node_modules/is-hotkey": {
      "version": "0.2.0",
      "resolved": "https://registry.npmjs.org/is-hotkey/-/is-hotkey-0.2.0.tgz",
      "integrity": "sha512-UknnZK4RakDmTgz4PI1wIph5yxSs/mvChWs9ifnlXsKuXgWmOkY/hAE0H/k2MIqH0RlRye0i1oC07MCRSD28Mw==",
      "license": "MIT"
    },
    "node_modules/is-plain-object": {
      "version": "5.0.0",
      "resolved": "https://registry.npmjs.org/is-plain-object/-/is-plain-object-5.0.0.tgz",
      "integrity": "sha512-VRSzKkbMm5jMDoKLbltAkFQ5Qr7VDiTFGXxYFXXowVj387GeGNOCsOH6Msy00SGZ3Fp84b1Naa1psqgcCIEP5Q==",
      "license": "MIT",
      "engines": {
        "node": ">=0.10.0"
      }
    },
    "node_modules/js-tokens": {
      "version": "4.0.0",
      "resolved": "https://registry.npmjs.org/js-tokens/-/js-tokens-4.0.0.tgz",
      "integrity": "sha512-RdJUflcE3cUzKiMqQgsCu06FPu9UdIJO0beYbPhHN4k6apgJtifcoCtT9bcxOpYBtpD2kCM6Sbzg4CausW/PKQ==",
      "license": "MIT"
    },
    "node_modules/lodash": {
      "version": "4.17.21",
      "resolved": "https://registry.npmjs.org/lodash/-/lodash-4.17.21.tgz",
      "integrity": "sha512-v2kDEe57lecTulaDIuNTPy3Ry4gLGJ6Z1O3vE1krgXZNrsQ+LFTGHVxVjcXPs17LhbZVGedAJv8XZ1tvj5FvSg==",
      "license": "MIT"
    },
    "node_modules/loose-envify": {
      "version": "1.4.0",
      "resolved": "https://registry.npmjs.org/loose-envify/-/loose-envify-1.4.0.tgz",
      "integrity": "sha512-lyuxPGr/Wfhrlem2CL/UcnUc1zcqKAImBDzukY7Y5F/yQiNdko6+fRLevlw1HgMySw7f611UIY408EtxRSoK3Q==",
      "license": "MIT",
      "dependencies": {
        "js-tokens": "^3.0.0 || ^4.0.0"
      },
      "bin": {
        "loose-envify": "cli.js"
      }
    },
    "node_modules/memoize-one": {
      "version": "5.2.1",
      "resolved": "https://registry.npmjs.org/memoize-one/-/memoize-one-5.2.1.tgz",
      "integrity": "sha512-zYiwtZUcYyXKo/np96AGZAckk+FWWsUdJ3cHGGmld7+AhvcWmQyGCYUh1hc4Q/pkOhb65dQR/pqCyK0cOaHz4Q==",
      "license": "MIT"
    },
    "node_modules/object-assign": {
      "version": "4.1.1",
      "resolved": "https://registry.npmjs.org/object-assign/-/object-assign-4.1.1.tgz",
      "integrity": "sha512-rJgTQnkUnH1sFw8yT6VSU3zD3sWmu6sZhIseY8VX+GRu3P6F7Fu+JNDoXfklElbLJSnc3FUQHVe4cU5hj+BcUg==",
      "license": "MIT",
      "engines": {
        "node": ">=0.10.0"
      }
    },
    "node_modules/prismjs": {
      "version": "1.29.0",
      "resolved": "https://registry.npmjs.org/prismjs/-/prismjs-1.29.0.tgz",
      "integrity": "sha512-Kx/1w86q/epKcmte75LNrEoT+lX8pBpavuAbvJWRXar7Hz8jrtF+e3vY751p0R8H9HdArwaCTNDDzHg/ScJK1Q==",
      "license": "MIT",
      "engines": {
        "node": ">=6"
      }
    },
    "node_modules/prop-types": {
      "version": "15.8.1",
      "resolved": "https://registry.npmjs.org/prop-types/-/prop-types-15.8.1.tgz",
      "integrity": "sha512-oj87CgZICdulUohogVAR7AjlC0327U4el4L6eAvOqCeudMDVU0NThNaV+b9Df4dXgSP1gXMTnPdhfe/2qDH5cg==",
      "license": "MIT",
      "dependencies": {
        "loose-envify": "^1.4.0",
        "object-assign": "^4.1.1",
        "react-is": "^16.13.1"
      }
    },
    "node_modules/prop-types/node_modules/react-is": {
      "version": "16.13.1",
      "resolved": "https://registry.npmjs.org/react-is/-/react-is-16.13.1.tgz",
      "integrity": "sha512-24e6ynE2H+OKt4kqsOvNd8kBpV65zoxbA4BVsEOB3ARVWQki/DHzaUoC5KuON/BiccDaCCTZBuOcfZs70kR8bQ==",
      "license": "MIT"
    },
    "node_modules/raf-schd": {
      "version": "4.0.3",
      "resolved": "https://registry.npmjs.org/raf-schd/-/raf-schd-4.0.3.tgz",
      "integrity": "sha512-tQkJl2GRWh83ui2DiPTJz9wEiMN20syf+5oKfB03yYP7ioZcJwsIK8FjrtLwH1m7C7e+Tt2yYBlrOpdT+dyeIQ==",
      "license": "MIT"
    },
    "node_modules/react": {
      "version": "18.3.1",
      "resolved": "https://registry.npmjs.org/react/-/react-18.3.1.tgz",
      "integrity": "sha512-wS+hAgJShR0KhEvPJArfuPVN1+Hz1t0Y6n5jLrGQbkb4urgPE/0Rve+1kMB1v/oWgHgm4WIcV+i7F2pTVj+2iQ==",
      "license": "MIT",
      "peer": true,
      "dependencies": {
        "loose-envify": "^1.1.0"
      },
      "engines": {
        "node": ">=0.10.0"
      }
    },
    "node_modules/react-beautiful-dnd": {
      "version": "13.1.1",
      "resolved": "https://registry.npmjs.org/react-beautiful-dnd/-/react-beautiful-dnd-13.1.1.tgz",
      "integrity": "sha512-0Lvs4tq2VcrEjEgDXHjT98r+63drkKEgqyxdA7qD3mvKwga6a5SscbdLPO2IExotU1jW8L0Ksdl0Cj2AF67nPQ==",
      "deprecated": "react-beautiful-dnd is now deprecated. Context and options: https://github.com/atlassian/react-beautiful-dnd/issues/2672",
      "license": "Apache-2.0",
      "dependencies": {
        "@babel/runtime": "^7.9.2",
        "css-box-model": "^1.2.0",
        "memoize-one": "^5.1.1",
        "raf-schd": "^4.0.2",
        "react-redux": "^7.2.0",
        "redux": "^4.0.4",
        "use-memo-one": "^1.1.1"
      },
      "peerDependencies": {
        "react": "^16.8.5 || ^17.0.0 || ^18.0.0",
        "react-dom": "^16.8.5 || ^17.0.0 || ^18.0.0"
      }
    },
    "node_modules/react-dom": {
      "version": "18.3.1",
      "resolved": "https://registry.npmjs.org/react-dom/-/react-dom-18.3.1.tgz",
      "integrity": "sha512-5m4nQKp+rZRb09LNH59GM4BxTh9251/ylbKIbpe7TpGxfJ+9kv6BLkLBXIjjspbgbnIBNqlI23tRnTWT0snUIw==",
      "license": "MIT",
      "peer": true,
      "dependencies": {
        "loose-envify": "^1.1.0",
        "scheduler": "^0.23.2"
      },
      "peerDependencies": {
        "react": "^18.3.1"
      }
    },
    "node_modules/react-is": {
      "version": "17.0.2",
      "resolved": "https://registry.npmjs.org/react-is/-/react-is-17.0.2.tgz",
      "integrity": "sha512-w2GsyukL62IJnlaff/nRegPQR94C/XXamvMWmSHRJ4y7Ts/4ocGRmTHvOs8PSE6pB3dWOrD/nueuU5sduBsQ4w==",
      "license": "MIT"
    },
    "node_modules/react-redux": {
      "version": "7.2.9",
      "resolved": "https://registry.npmjs.org/react-redux/-/react-redux-7.2.9.tgz",
      "integrity": "sha512-Gx4L3uM182jEEayZfRbI/G11ZpYdNAnBs70lFVMNdHJI76XYtR+7m0MN+eAs7UHBPhWXcnFPaS+9owSCJQHNpQ==",
      "license": "MIT",
      "dependencies": {
        "@babel/runtime": "^7.15.4",
        "@types/react-redux": "^7.1.20",
        "hoist-non-react-statics": "^3.3.2",
        "loose-envify": "^1.4.0",
        "prop-types": "^15.7.2",
        "react-is": "^17.0.2"
      },
      "peerDependencies": {
        "react": "^16.8.3 || ^17 || ^18"
      },
      "peerDependenciesMeta": {
        "react-dom": {
          "optional": true
        },
        "react-native": {
          "optional": true
        }
      }
    },
    "node_modules/redux": {
      "version": "4.2.1",
      "resolved": "https://registry.npmjs.org/redux/-/redux-4.2.1.tgz",
      "integrity": "sha512-LAUYz4lc+Do8/g7aeRa8JkyDErK6ekstQaqWQrNRW//MY1TvCEpMtpTWvlQ+FPbWCx+Xixu/6SHt5N0HR+SB4w==",
      "license": "MIT",
      "dependencies": {
        "@babel/runtime": "^7.9.2"
      }
    },
    "node_modules/regenerator-runtime": {
      "version": "0.14.1",
      "resolved": "https://registry.npmjs.org/regenerator-runtime/-/regenerator-runtime-0.14.1.tgz",
      "integrity": "sha512-dYnhHh0nJoMfnkZs6GmmhFknAGRrLznOu5nc9ML+EJxGvrx6H7teuevqVqCuPcPK//3eDrrjQhehXVx9cnkGdw==",
      "license": "MIT"
    },
    "node_modules/scheduler": {
      "version": "0.23.2",
      "resolved": "https://registry.npmjs.org/scheduler/-/scheduler-0.23.2.tgz",
      "integrity": "sha512-UOShsPwz7NrMUqhR6t0hWjFduvOzbtv7toDH1/hIrfRNIDBnnBWd0CwJTGvTpngVlmwGCdP9/Zl/tVrDqcuYzQ==",
      "license": "MIT",
      "peer": true,
      "dependencies": {
        "loose-envify": "^1.1.0"
      }
    },
    "node_modules/scroll-into-view-if-needed": {
      "version": "3.1.0",
      "resolved": "https://registry.npmjs.org/scroll-into-view-if-needed/-/scroll-into-view-if-needed-3.1.0.tgz",
      "integrity": "sha512-49oNpRjWRvnU8NyGVmUaYG4jtTkNonFZI86MmGRDqBphEK2EXT9gdEUoQPZhuBM8yWHxCWbobltqYO5M4XrUvQ==",
      "license": "MIT",
      "dependencies": {
        "compute-scroll-into-view": "^3.0.2"
      }
    },
    "node_modules/slate": {
      "version": "0.110.2",
      "resolved": "https://registry.npmjs.org/slate/-/slate-0.110.2.tgz",
      "integrity": "sha512-4xGULnyMCiEQ0Ml7JAC1A6HVE6MNpPJU7Eq4cXh1LxlrR0dFXC3XC+rNfQtUJ7chHoPkws57x7DDiWiZAt+PBA==",
      "license": "MIT",
      "dependencies": {
        "immer": "^10.0.3",
        "is-plain-object": "^5.0.0",
        "tiny-warning": "^1.0.3"
      }
    },
    "node_modules/slate-dom": {
      "version": "0.111.0",
      "resolved": "https://registry.npmjs.org/slate-dom/-/slate-dom-0.111.0.tgz",
      "integrity": "sha512-VjeBh2xIRvP6ToEhrO1TPahc5fPezxbeSUhsRTppBPtHfidEdyp/MTI9TjUrZnlznJiVZ7QKrORXilFq8hsbtQ==",
      "license": "MIT",
      "peer": true,
      "dependencies": {
        "@juggle/resize-observer": "^3.4.0",
        "direction": "^1.0.4",
        "is-hotkey": "^0.2.0",
        "is-plain-object": "^5.0.0",
        "lodash": "^4.17.21",
        "scroll-into-view-if-needed": "^3.1.0",
        "tiny-invariant": "1.3.1"
      },
      "peerDependencies": {
        "slate": ">=0.99.0"
      }
    },
    "node_modules/slate-dom/node_modules/tiny-invariant": {
      "version": "1.3.1",
      "resolved": "https://registry.npmjs.org/tiny-invariant/-/tiny-invariant-1.3.1.tgz",
      "integrity": "sha512-AD5ih2NlSssTCwsMznbvwMZpJ1cbhkGd2uueNxzv2jDlEeZdU04JQfRnggJQ8DrcVBGjAsCKwFBbDlVNtEMlzw==",
      "license": "MIT",
      "peer": true
    },
    "node_modules/slate-history": {
      "version": "0.110.3",
      "resolved": "https://registry.npmjs.org/slate-history/-/slate-history-0.110.3.tgz",
      "integrity": "sha512-sgdff4Usdflmw5ZUbhDkxFwCBQ2qlDKMMkF93w66KdV48vHOgN2BmLrf+2H8SdX8PYIpP/cTB0w8qWC2GwhDVA==",
      "license": "MIT",
      "dependencies": {
        "is-plain-object": "^5.0.0"
      },
      "peerDependencies": {
        "slate": ">=0.65.3"
      }
    },
    "node_modules/slate-react": {
      "version": "0.111.0",
      "resolved": "https://registry.npmjs.org/slate-react/-/slate-react-0.111.0.tgz",
      "integrity": "sha512-DiiVSYn+dilx0j40FjaaHiG2KbaX4lZfTdEnYvUJMnpc+d9evcuO2nV6KCDQOtS6xr4w0sBzQMxrpGlA5alKww==",
      "license": "MIT",
      "dependencies": {
        "@juggle/resize-observer": "^3.4.0",
        "direction": "^1.0.4",
        "is-hotkey": "^0.2.0",
        "is-plain-object": "^5.0.0",
        "lodash": "^4.17.21",
        "scroll-into-view-if-needed": "^3.1.0",
        "tiny-invariant": "1.3.1"
      },
      "peerDependencies": {
        "react": ">=18.2.0",
        "react-dom": ">=18.2.0",
        "slate": ">=0.99.0",
        "slate-dom": ">=0.110.2"
      }
    },
    "node_modules/slate-react/node_modules/tiny-invariant": {
      "version": "1.3.1",
      "resolved": "https://registry.npmjs.org/tiny-invariant/-/tiny-invariant-1.3.1.tgz",
      "integrity": "sha512-AD5ih2NlSssTCwsMznbvwMZpJ1cbhkGd2uueNxzv2jDlEeZdU04JQfRnggJQ8DrcVBGjAsCKwFBbDlVNtEMlzw==",
      "license": "MIT"
    },
    "node_modules/tiny-invariant": {
      "version": "1.3.3",
      "resolved": "https://registry.npmjs.org/tiny-invariant/-/tiny-invariant-1.3.3.tgz",
      "integrity": "sha512-+FbBPE1o9QAYvviau/qC5SE3caw21q3xkvWKBtja5vgqOWIHHJ3ioaq1VPfn/Szqctz2bU/oYeKd9/z5BL+PVg==",
      "license": "MIT"
    },
    "node_modules/tiny-warning": {
      "version": "1.0.3",
      "resolved": "https://registry.npmjs.org/tiny-warning/-/tiny-warning-1.0.3.tgz",
      "integrity": "sha512-lBN9zLN/oAf68o3zNXYrdCt1kP8WsiGW8Oo2ka41b2IM5JL/S1CTyX1rW0mb/zSuJun0ZUrDxx4sqvYS2FWzPA==",
      "license": "MIT"
    },
    "node_modules/use-memo-one": {
      "version": "1.1.3",
      "resolved": "https://registry.npmjs.org/use-memo-one/-/use-memo-one-1.1.3.tgz",
      "integrity": "sha512-g66/K7ZQGYrI6dy8GLpVcMsBp4s17xNkYJVSMvTEevGy3nDxHOfE6z8BVE22+5G5x7t3+bhzrlTDB7ObrEE0cQ==",
      "license": "MIT",
      "peerDependencies": {
        "react": "^16.8.0 || ^17.0.0 || ^18.0.0"
      }
    },
    "node_modules/zod": {
      "version": "3.23.8",
      "resolved": "https://registry.npmjs.org/zod/-/zod-3.23.8.tgz",
      "integrity": "sha512-XBx9AXhXktjUqnepgTiE5flcKIYWi/rme0Eaj+5Y0lftuGBq+jyRu/md4WnuxqgP1ubdpNCsYEYPxrzVHD8d6g==",
      "license": "MIT",
      "funding": {
        "url": "https://github.com/sponsors/colinhacks"
      }
    }
  }
}
